
Microsoft Visual Studio Solution File, Format Version 12.00
# Visual Studio Version 17
VisualStudioVersion = 17.3.32825.248
MinimumVisualStudioVersion = 10.0.40219.1
Project("{9A19103F-16F7-4668-BE54-9A1E7A4F7556}") = "DiggerScoreClient", "DiggerScoreClient\DiggerScoreClient.csproj", "{306C0CDF-1403-4547-BEA9-9D74BB39CD02}"
EndProject
Project("{9A19103F-16F7-4668-BE54-9A1E7A4F7556}") = "DiggerScoreAdministration", "DiggerScoreAdministration\DiggerScoreAdministration.csproj", "{7F51BC3D-FE9A-4551-9BAA-7551E61003C9}"
EndProject
Project("{9A19103F-16F7-4668-BE54-9A1E7A4F7556}") = "Validation", "DiggerScoreLibrary\Validation.csproj", "{9F423641-83A4-4102-A59A-4DF220470FE1}"
EndProject
Project("{FAE04EC0-301F-11D3-BF4B-00C04F79EFBC}") = "SandBox", "SandBox\SandBox.csproj", "{22C5032B-ACFF-4B0D-8228-88D8E3BA5E7C}"
EndProject
Global
	GlobalSection(SolutionConfigurationPlatforms) = preSolution
		Debug|Any CPU = Debug|Any CPU
		Release|Any CPU = Release|Any CPU
	EndGlobalSection
	GlobalSection(ProjectConfigurationPlatforms) = postSolution
		{306C0CDF-1403-4547-BEA9-9D74BB39CD02}.Debug|Any CPU.ActiveCfg = Debug|Any CPU
		{306C0CDF-1403-4547-BEA9-9D74BB39CD02}.Debug|Any CPU.Build.0 = Debug|Any CPU
		{306C0CDF-1403-4547-BEA9-9D74BB39CD02}.Release|Any CPU.ActiveCfg = Release|Any CPU
		{306C0CDF-1403-4547-BEA9-9D74BB39CD02}.Release|Any CPU.Build.0 = Release|Any CPU
		{7F51BC3D-FE9A-4551-9BAA-7551E61003C9}.Debug|Any CPU.ActiveCfg = Debug|Any CPU
		{7F51BC3D-FE9A-4551-9BAA-7551E61003C9}.Debug|Any CPU.Build.0 = Debug|Any CPU
		{7F51BC3D-FE9A-4551-9BAA-7551E61003C9}.Release|Any CPU.ActiveCfg = Release|Any CPU
		{7F51BC3D-FE9A-4551-9BAA-7551E61003C9}.Release|Any CPU.Build.0 = Release|Any CPU
		{9F423641-83A4-4102-A59A-4DF220470FE1}.Debug|Any CPU.ActiveCfg = Debug|Any CPU
		{9F423641-83A4-4102-A59A-4DF220470FE1}.Debug|Any CPU.Build.0 = Debug|Any CPU
		{9F423641-83A4-4102-A59A-4DF220470FE1}.Release|Any CPU.ActiveCfg = Release|Any CPU
		{9F423641-83A4-4102-A59A-4DF220470FE1}.Release|Any CPU.Build.0 = Release|Any CPU
		{22C5032B-ACFF-4B0D-8228-88D8E3BA5E7C}.Debug|Any CPU.ActiveCfg = Debug|Any CPU
		{22C5032B-ACFF-4B0D-8228-88D8E3BA5E7C}.Debug|Any CPU.Build.0 = Debug|Any CPU
		{22C5032B-ACFF-4B0D-8228-88D8E3BA5E7C}.Release|Any CPU.ActiveCfg = Release|Any CPU
		{22C5032B-ACFF-4B0D-8228-88D8E3BA5E7C}.Release|Any CPU.Build.0 = Release|Any CPU
	EndGlobalSection
	GlobalSection(SolutionProperties) = preSolution
		HideSolutionNode = FALSE
	EndGlobalSection
	GlobalSection(ExtensibilityGlobals) = postSolution
		SolutionGuid = {C224D743-69EF-4BC9-A915-F86255414A88}
	EndGlobalSection
EndGlobal
